
Microsoft Visual Studio Solution File, Format Version 12.00
# Visual Studio Version 17
VisualStudioVersion = 17.8.34309.116
MinimumVisualStudioVersion = 10.0.40219.1
Project("{FAE04EC0-301F-11D3-BF4B-00C04F79EFBC}") = "WebApi", "WebApi\WebApi.csproj", "{D5A29682-4CC9-4E70-8D91-A28A497D6CA7}"
EndProject
Project("{FAE04EC0-301F-11D3-BF4B-00C04F79EFBC}") = "Persistence", "Persistence\Persistence.csproj", "{AA51B9AC-DBA7-437E-8D52-2F76B305B587}"
EndProject
Project("{FAE04EC0-301F-11D3-BF4B-00C04F79EFBC}") = "Domain", "Domain\Domain.csproj", "{A2BBA062-03EB-47E7-9874-CE5A215AD457}"
EndProject
Project("{FAE04EC0-301F-11D3-BF4B-00C04F79EFBC}") = "Application", "Application\Application.csproj", "{F3063B77-358F-41FC-9B54-BF884D199C0B}"
EndProject
Project("{FAE04EC0-301F-11D3-BF4B-00C04F79EFBC}") = "Infrastructure", "Infrastructure\Infrastructure.csproj", "{1A2F6435-0051-497E-8B6F-52D00E968EB3}"
EndProject
Global
	GlobalSection(SolutionConfigurationPlatforms) = preSolution
		Debug|Any CPU = Debug|Any CPU
		Release|Any CPU = Release|Any CPU
	EndGlobalSection
	GlobalSection(ProjectConfigurationPlatforms) = postSolution
		{D5A29682-4CC9-4E70-8D91-A28A497D6CA7}.Debug|Any CPU.ActiveCfg = Debug|Any CPU
		{D5A29682-4CC9-4E70-8D91-A28A497D6CA7}.Debug|Any CPU.Build.0 = Debug|Any CPU
		{D5A29682-4CC9-4E70-8D91-A28A497D6CA7}.Release|Any CPU.ActiveCfg = Release|Any CPU
		{D5A29682-4CC9-4E70-8D91-A28A497D6CA7}.Release|Any CPU.Build.0 = Release|Any CPU
		{AA51B9AC-DBA7-437E-8D52-2F76B305B587}.Debug|Any CPU.ActiveCfg = Debug|Any CPU
		{AA51B9AC-DBA7-437E-8D52-2F76B305B587}.Debug|Any CPU.Build.0 = Debug|Any CPU
		{AA51B9AC-DBA7-437E-8D52-2F76B305B587}.Release|Any CPU.ActiveCfg = Release|Any CPU
		{AA51B9AC-DBA7-437E-8D52-2F76B305B587}.Release|Any CPU.Build.0 = Release|Any CPU
		{A2BBA062-03EB-47E7-9874-CE5A215AD457}.Debug|Any CPU.ActiveCfg = Debug|Any CPU
		{A2BBA062-03EB-47E7-9874-CE5A215AD457}.Debug|Any CPU.Build.0 = Debug|Any CPU
		{A2BBA062-03EB-47E7-9874-CE5A215AD457}.Release|Any CPU.ActiveCfg = Release|Any CPU
		{A2BBA062-03EB-47E7-9874-CE5A215AD457}.Release|Any CPU.Build.0 = Release|Any CPU
		{F3063B77-358F-41FC-9B54-BF884D199C0B}.Debug|Any CPU.ActiveCfg = Debug|Any CPU
		{F3063B77-358F-41FC-9B54-BF884D199C0B}.Debug|Any CPU.Build.0 = Debug|Any CPU
		{F3063B77-358F-41FC-9B54-BF884D199C0B}.Release|Any CPU.ActiveCfg = Release|Any CPU
		{F3063B77-358F-41FC-9B54-BF884D199C0B}.Release|Any CPU.Build.0 = Release|Any CPU
		{1A2F6435-0051-497E-8B6F-52D00E968EB3}.Debug|Any CPU.ActiveCfg = Debug|Any CPU
		{1A2F6435-0051-497E-8B6F-52D00E968EB3}.Debug|Any CPU.Build.0 = Debug|Any CPU
		{1A2F6435-0051-497E-8B6F-52D00E968EB3}.Release|Any CPU.ActiveCfg = Release|Any CPU
		{1A2F6435-0051-497E-8B6F-52D00E968EB3}.Release|Any CPU.Build.0 = Release|Any CPU
	EndGlobalSection
	GlobalSection(SolutionProperties) = preSolution
		HideSolutionNode = FALSE
	EndGlobalSection
	GlobalSection(ExtensibilityGlobals) = postSolution
		SolutionGuid = {8D38AEBD-2B13-4ADE-8118-EB5B892AF478}
	EndGlobalSection
EndGlobal
